
Microsoft Visual Studio Solution File, Format Version 12.00
# Visual Studio 14
VisualStudioVersion = 14.0.25420.1
MinimumVisualStudioVersion = 10.0.40219.1
Project("{FAE04EC0-301F-11D3-BF4B-00C04F79EFBC}") = "CLockXForms", "CLockXForms\CLockXForms\CLockXForms.csproj", "{77E5324F-B534-4E98-8220-ED201DADBC91}"
EndProject
Project("{FAE04EC0-301F-11D3-BF4B-00C04F79EFBC}") = "CLockXForms.Droid", "CLockXForms\CLockXForms.Droid\CLockXForms.Droid.csproj", "{13FFC026-416C-446C-B0DA-28F64EDD173E}"
EndProject
Project("{FAE04EC0-301F-11D3-BF4B-00C04F79EFBC}") = "CLockXForms.iOS", "CLockXForms\CLockXForms.iOS\CLockXForms.iOS.csproj", "{11F34F84-CFC0-44CD-B356-63080CC9264F}"
EndProject
Project("{FAE04EC0-301F-11D3-BF4B-00C04F79EFBC}") = "CLockXForms.WinPhone", "CLockXForms\CLockXForms.WinPhone\CLockXForms.WinPhone.csproj", "{C149BB87-0AA1-4544-96EA-5C8C6AF71FBD}"
EndProject
Project("{FAE04EC0-301F-11D3-BF4B-00C04F79EFBC}") = "CLockXForms.UWP", "CLockXForms\CLockXForms.UWP\CLockXForms.UWP.csproj", "{A9954573-C58A-47FC-BBCF-D72516BFEBCA}"
EndProject
Project("{FAE04EC0-301F-11D3-BF4B-00C04F79EFBC}") = "CLockXForms.Windows", "CLockXForms\CLockXForms.Windows\CLockXForms.Windows.csproj", "{7A67D234-176D-4484-9B77-0D1271E0731E}"
EndProject
Global
	GlobalSection(SolutionConfigurationPlatforms) = preSolution
		Ad-Hoc|Any CPU = Ad-Hoc|Any CPU
		Ad-Hoc|ARM = Ad-Hoc|ARM
		Ad-Hoc|iPhone = Ad-Hoc|iPhone
		Ad-Hoc|iPhoneSimulator = Ad-Hoc|iPhoneSimulator
		Ad-Hoc|x64 = Ad-Hoc|x64
		Ad-Hoc|x86 = Ad-Hoc|x86
		AppStore|Any CPU = AppStore|Any CPU
		AppStore|ARM = AppStore|ARM
		AppStore|iPhone = AppStore|iPhone
		AppStore|iPhoneSimulator = AppStore|iPhoneSimulator
		AppStore|x64 = AppStore|x64
		AppStore|x86 = AppStore|x86
		Debug|Any CPU = Debug|Any CPU
		Debug|ARM = Debug|ARM
		Debug|iPhone = Debug|iPhone
		Debug|iPhoneSimulator = Debug|iPhoneSimulator
		Debug|x64 = Debug|x64
		Debug|x86 = Debug|x86
		Release|Any CPU = Release|Any CPU
		Release|ARM = Release|ARM
		Release|iPhone = Release|iPhone
		Release|iPhoneSimulator = Release|iPhoneSimulator
		Release|x64 = Release|x64
		Release|x86 = Release|x86
	EndGlobalSection
	GlobalSection(ProjectConfigurationPlatforms) = postSolution
		{77E5324F-B534-4E98-8220-ED201DADBC91}.Ad-Hoc|Any CPU.ActiveCfg = Release|Any CPU
		{77E5324F-B534-4E98-8220-ED201DADBC91}.Ad-Hoc|Any CPU.Build.0 = Release|Any CPU
		{77E5324F-B534-4E98-8220-ED201DADBC91}.Ad-Hoc|ARM.ActiveCfg = Release|Any CPU
		{77E5324F-B534-4E98-8220-ED201DADBC91}.Ad-Hoc|ARM.Build.0 = Release|Any CPU
		{77E5324F-B534-4E98-8220-ED201DADBC91}.Ad-Hoc|iPhone.ActiveCfg = Release|Any CPU
		{77E5324F-B534-4E98-8220-ED201DADBC91}.Ad-Hoc|iPhone.Build.0 = Release|Any CPU
		{77E5324F-B534-4E98-8220-ED201DADBC91}.Ad-Hoc|iPhoneSimulator.ActiveCfg = Release|Any CPU
		{77E5324F-B534-4E98-8220-ED201DADBC91}.Ad-Hoc|iPhoneSimulator.Build.0 = Release|Any CPU
		{77E5324F-B534-4E98-8220-ED201DADBC91}.Ad-Hoc|x64.ActiveCfg = Release|Any CPU
		{77E5324F-B534-4E98-8220-ED201DADBC91}.Ad-Hoc|x64.Build.0 = Release|Any CPU
		{77E5324F-B534-4E98-8220-ED201DADBC91}.Ad-Hoc|x86.ActiveCfg = Release|Any CPU
		{77E5324F-B534-4E98-8220-ED201DADBC91}.Ad-Hoc|x86.Build.0 = Release|Any CPU
		{77E5324F-B534-4E98-8220-ED201DADBC91}.AppStore|Any CPU.ActiveCfg = Release|Any CPU
		{77E5324F-B534-4E98-8220-ED201DADBC91}.AppStore|Any CPU.Build.0 = Release|Any CPU
		{77E5324F-B534-4E98-8220-ED201DADBC91}.AppStore|ARM.ActiveCfg = Release|Any CPU
		{77E5324F-B534-4E98-8220-ED201DADBC91}.AppStore|ARM.Build.0 = Release|Any CPU
		{77E5324F-B534-4E98-8220-ED201DADBC91}.AppStore|iPhone.ActiveCfg = Release|Any CPU
		{77E5324F-B534-4E98-8220-ED201DADBC91}.AppStore|iPhone.Build.0 = Release|Any CPU
		{77E5324F-B534-4E98-8220-ED201DADBC91}.AppStore|iPhoneSimulator.ActiveCfg = Release|Any CPU
		{77E5324F-B534-4E98-8220-ED201DADBC91}.AppStore|iPhoneSimulator.Build.0 = Release|Any CPU
		{77E5324F-B534-4E98-8220-ED201DADBC91}.AppStore|x64.ActiveCfg = Release|Any CPU
		{77E5324F-B534-4E98-8220-ED201DADBC91}.AppStore|x64.Build.0 = Release|Any CPU
		{77E5324F-B534-4E98-8220-ED201DADBC91}.AppStore|x86.ActiveCfg = Release|Any CPU
		{77E5324F-B534-4E98-8220-ED201DADBC91}.AppStore|x86.Build.0 = Release|Any CPU
		{77E5324F-B534-4E98-8220-ED201DADBC91}.Debug|Any CPU.ActiveCfg = Debug|Any CPU
		{77E5324F-B534-4E98-8220-ED201DADBC91}.Debug|Any CPU.Build.0 = Debug|Any CPU
		{77E5324F-B534-4E98-8220-ED201DADBC91}.Debug|ARM.ActiveCfg = Debug|Any CPU
		{77E5324F-B534-4E98-8220-ED201DADBC91}.Debug|ARM.Build.0 = Debug|Any CPU
		{77E5324F-B534-4E98-8220-ED201DADBC91}.Debug|iPhone.ActiveCfg = Debug|Any CPU
		{77E5324F-B534-4E98-8220-ED201DADBC91}.Debug|iPhone.Build.0 = Debug|Any CPU
		{77E5324F-B534-4E98-8220-ED201DADBC91}.Debug|iPhoneSimulator.ActiveCfg = Debug|Any CPU
		{77E5324F-B534-4E98-8220-ED201DADBC91}.Debug|iPhoneSimulator.Build.0 = Debug|Any CPU
		{77E5324F-B534-4E98-8220-ED201DADBC91}.Debug|x64.ActiveCfg = Debug|Any CPU
		{77E5324F-B534-4E98-8220-ED201DADBC91}.Debug|x64.Build.0 = Debug|Any CPU
		{77E5324F-B534-4E98-8220-ED201DADBC91}.Debug|x86.ActiveCfg = Debug|Any CPU
		{77E5324F-B534-4E98-8220-ED201DADBC91}.Debug|x86.Build.0 = Debug|Any CPU
		{77E5324F-B534-4E98-8220-ED201DADBC91}.Release|Any CPU.ActiveCfg = Release|Any CPU
		{77E5324F-B534-4E98-8220-ED201DADBC91}.Release|Any CPU.Build.0 = Release|Any CPU
		{77E5324F-B534-4E98-8220-ED201DADBC91}.Release|ARM.ActiveCfg = Release|Any CPU
		{77E5324F-B534-4E98-8220-ED201DADBC91}.Release|ARM.Build.0 = Release|Any CPU
		{77E5324F-B534-4E98-8220-ED201DADBC91}.Release|iPhone.ActiveCfg = Release|Any CPU
		{77E5324F-B534-4E98-8220-ED201DADBC91}.Release|iPhone.Build.0 = Release|Any CPU
		{77E5324F-B534-4E98-8220-ED201DADBC91}.Release|iPhoneSimulator.ActiveCfg = Release|Any CPU
		{77E5324F-B534-4E98-8220-ED201DADBC91}.Release|iPhoneSimulator.Build.0 = Release|Any CPU
		{77E5324F-B534-4E98-8220-ED201DADBC91}.Release|x64.ActiveCfg = Release|Any CPU
		{77E5324F-B534-4E98-8220-ED201DADBC91}.Release|x64.Build.0 = Release|Any CPU
		{77E5324F-B534-4E98-8220-ED201DADBC91}.Release|x86.ActiveCfg = Release|Any CPU
		{77E5324F-B534-4E98-8220-ED201DADBC91}.Release|x86.Build.0 = Release|Any CPU
		{13FFC026-416C-446C-B0DA-28F64EDD173E}.Ad-Hoc|Any CPU.ActiveCfg = Release|Any CPU
		{13FFC026-416C-446C-B0DA-28F64EDD173E}.Ad-Hoc|Any CPU.Build.0 = Release|Any CPU
		{13FFC026-416C-446C-B0DA-28F64EDD173E}.Ad-Hoc|Any CPU.Deploy.0 = Release|Any CPU
		{13FFC026-416C-446C-B0DA-28F64EDD173E}.Ad-Hoc|ARM.ActiveCfg = Release|Any CPU
		{13FFC026-416C-446C-B0DA-28F64EDD173E}.Ad-Hoc|ARM.Build.0 = Release|Any CPU
		{13FFC026-416C-446C-B0DA-28F64EDD173E}.Ad-Hoc|ARM.Deploy.0 = Release|Any CPU
		{13FFC026-416C-446C-B0DA-28F64EDD173E}.Ad-Hoc|iPhone.ActiveCfg = Release|Any CPU
		{13FFC026-416C-446C-B0DA-28F64EDD173E}.Ad-Hoc|iPhone.Build.0 = Release|Any CPU
		{13FFC026-416C-446C-B0DA-28F64EDD173E}.Ad-Hoc|iPhone.Deploy.0 = Release|Any CPU
		{13FFC026-416C-446C-B0DA-28F64EDD173E}.Ad-Hoc|iPhoneSimulator.ActiveCfg = Release|Any CPU
		{13FFC026-416C-446C-B0DA-28F64EDD173E}.Ad-Hoc|iPhoneSimulator.Build.0 = Release|Any CPU
		{13FFC026-416C-446C-B0DA-28F64EDD173E}.Ad-Hoc|iPhoneSimulator.Deploy.0 = Release|Any CPU
		{13FFC026-416C-446C-B0DA-28F64EDD173E}.Ad-Hoc|x64.ActiveCfg = Release|Any CPU
		{13FFC026-416C-446C-B0DA-28F64EDD173E}.Ad-Hoc|x64.Build.0 = Release|Any CPU
		{13FFC026-416C-446C-B0DA-28F64EDD173E}.Ad-Hoc|x64.Deploy.0 = Release|Any CPU
		{13FFC026-416C-446C-B0DA-28F64EDD173E}.Ad-Hoc|x86.ActiveCfg = Release|Any CPU
		{13FFC026-416C-446C-B0DA-28F64EDD173E}.Ad-Hoc|x86.Build.0 = Release|Any CPU
		{13FFC026-416C-446C-B0DA-28F64EDD173E}.Ad-Hoc|x86.Deploy.0 = Release|Any CPU
		{13FFC026-416C-446C-B0DA-28F64EDD173E}.AppStore|Any CPU.ActiveCfg = Release|Any CPU
		{13FFC026-416C-446C-B0DA-28F64EDD173E}.AppStore|Any CPU.Build.0 = Release|Any CPU
		{13FFC026-416C-446C-B0DA-28F64EDD173E}.AppStore|Any CPU.Deploy.0 = Release|Any CPU
		{13FFC026-416C-446C-B0DA-28F64EDD173E}.AppStore|ARM.ActiveCfg = Release|Any CPU
		{13FFC026-416C-446C-B0DA-28F64EDD173E}.AppStore|ARM.Build.0 = Release|Any CPU
		{13FFC026-416C-446C-B0DA-28F64EDD173E}.AppStore|ARM.Deploy.0 = Release|Any CPU
		{13FFC026-416C-446C-B0DA-28F64EDD173E}.AppStore|iPhone.ActiveCfg = Release|Any CPU
		{13FFC026-416C-446C-B0DA-28F64EDD173E}.AppStore|iPhone.Build.0 = Release|Any CPU
		{13FFC026-416C-446C-B0DA-28F64EDD173E}.AppStore|iPhone.Deploy.0 = Release|Any CPU
		{13FFC026-416C-446C-B0DA-28F64EDD173E}.AppStore|iPhoneSimulator.ActiveCfg = Release|Any CPU
		{13FFC026-416C-446C-B0DA-28F64EDD173E}.AppStore|iPhoneSimulator.Build.0 = Release|Any CPU
		{13FFC026-416C-446C-B0DA-28F64EDD173E}.AppStore|iPhoneSimulator.Deploy.0 = Release|Any CPU
		{13FFC026-416C-446C-B0DA-28F64EDD173E}.AppStore|x64.ActiveCfg = Release|Any CPU
		{13FFC026-416C-446C-B0DA-28F64EDD173E}.AppStore|x64.Build.0 = Release|Any CPU
		{13FFC026-416C-446C-B0DA-28F64EDD173E}.AppStore|x64.Deploy.0 = Release|Any CPU
		{13FFC026-416C-446C-B0DA-28F64EDD173E}.AppStore|x86.ActiveCfg = Release|Any CPU
		{13FFC026-416C-446C-B0DA-28F64EDD173E}.AppStore|x86.Build.0 = Release|Any CPU
		{13FFC026-416C-446C-B0DA-28F64EDD173E}.AppStore|x86.Deploy.0 = Release|Any CPU
		{13FFC026-416C-446C-B0DA-28F64EDD173E}.Debug|Any CPU.ActiveCfg = Debug|Any CPU
		{13FFC026-416C-446C-B0DA-28F64EDD173E}.Debug|Any CPU.Build.0 = Debug|Any CPU
		{13FFC026-416C-446C-B0DA-28F64EDD173E}.Debug|Any CPU.Deploy.0 = Debug|Any CPU
		{13FFC026-416C-446C-B0DA-28F64EDD173E}.Debug|ARM.ActiveCfg = Debug|Any CPU
		{13FFC026-416C-446C-B0DA-28F64EDD173E}.Debug|ARM.Build.0 = Debug|Any CPU
		{13FFC026-416C-446C-B0DA-28F64EDD173E}.Debug|ARM.Deploy.0 = Debug|Any CPU
		{13FFC026-416C-446C-B0DA-28F64EDD173E}.Debug|iPhone.ActiveCfg = Debug|Any CPU
		{13FFC026-416C-446C-B0DA-28F64EDD173E}.Debug|iPhone.Build.0 = Debug|Any CPU
		{13FFC026-416C-446C-B0DA-28F64EDD173E}.Debug|iPhone.Deploy.0 = Debug|Any CPU
		{13FFC026-416C-446C-B0DA-28F64EDD173E}.Debug|iPhoneSimulator.ActiveCfg = Debug|Any CPU
		{13FFC026-416C-446C-B0DA-28F64EDD173E}.Debug|iPhoneSimulator.Build.0 = Debug|Any CPU
		{13FFC026-416C-446C-B0DA-28F64EDD173E}.Debug|iPhoneSimulator.Deploy.0 = Debug|Any CPU
		{13FFC026-416C-446C-B0DA-28F64EDD173E}.Debug|x64.ActiveCfg = Debug|Any CPU
		{13FFC026-416C-446C-B0DA-28F64EDD173E}.Debug|x64.Build.0 = Debug|Any CPU
		{13FFC026-416C-446C-B0DA-28F64EDD173E}.Debug|x64.Deploy.0 = Debug|Any CPU
		{13FFC026-416C-446C-B0DA-28F64EDD173E}.Debug|x86.ActiveCfg = Debug|Any CPU
		{13FFC026-416C-446C-B0DA-28F64EDD173E}.Debug|x86.Build.0 = Debug|Any CPU
		{13FFC026-416C-446C-B0DA-28F64EDD173E}.Debug|x86.Deploy.0 = Debug|Any CPU
		{13FFC026-416C-446C-B0DA-28F64EDD173E}.Release|Any CPU.ActiveCfg = Release|Any CPU
		{13FFC026-416C-446C-B0DA-28F64EDD173E}.Release|Any CPU.Build.0 = Release|Any CPU
		{13FFC026-416C-446C-B0DA-28F64EDD173E}.Release|Any CPU.Deploy.0 = Release|Any CPU
		{13FFC026-416C-446C-B0DA-28F64EDD173E}.Release|ARM.ActiveCfg = Release|Any CPU
		{13FFC026-416C-446C-B0DA-28F64EDD173E}.Release|ARM.Build.0 = Release|Any CPU
		{13FFC026-416C-446C-B0DA-28F64EDD173E}.Release|ARM.Deploy.0 = Release|Any CPU
		{13FFC026-416C-446C-B0DA-28F64EDD173E}.Release|iPhone.ActiveCfg = Release|Any CPU
		{13FFC026-416C-446C-B0DA-28F64EDD173E}.Release|iPhone.Build.0 = Release|Any CPU
		{13FFC026-416C-446C-B0DA-28F64EDD173E}.Release|iPhone.Deploy.0 = Release|Any CPU
		{13FFC026-416C-446C-B0DA-28F64EDD173E}.Release|iPhoneSimulator.ActiveCfg = Release|Any CPU
		{13FFC026-416C-446C-B0DA-28F64EDD173E}.Release|iPhoneSimulator.Build.0 = Release|Any CPU
		{13FFC026-416C-446C-B0DA-28F64EDD173E}.Release|iPhoneSimulator.Deploy.0 = Release|Any CPU
		{13FFC026-416C-446C-B0DA-28F64EDD173E}.Release|x64.ActiveCfg = Release|Any CPU
		{13FFC026-416C-446C-B0DA-28F64EDD173E}.Release|x64.Build.0 = Release|Any CPU
		{13FFC026-416C-446C-B0DA-28F64EDD173E}.Release|x64.Deploy.0 = Release|Any CPU
		{13FFC026-416C-446C-B0DA-28F64EDD173E}.Release|x86.ActiveCfg = Release|Any CPU
		{13FFC026-416C-446C-B0DA-28F64EDD173E}.Release|x86.Build.0 = Release|Any CPU
		{13FFC026-416C-446C-B0DA-28F64EDD173E}.Release|x86.Deploy.0 = Release|Any CPU
		{11F34F84-CFC0-44CD-B356-63080CC9264F}.Ad-Hoc|Any CPU.ActiveCfg = Ad-Hoc|iPhone
		{11F34F84-CFC0-44CD-B356-63080CC9264F}.Ad-Hoc|ARM.ActiveCfg = Ad-Hoc|iPhone
		{11F34F84-CFC0-44CD-B356-63080CC9264F}.Ad-Hoc|iPhone.ActiveCfg = Ad-Hoc|iPhone
		{11F34F84-CFC0-44CD-B356-63080CC9264F}.Ad-Hoc|iPhone.Build.0 = Ad-Hoc|iPhone
		{11F34F84-CFC0-44CD-B356-63080CC9264F}.Ad-Hoc|iPhoneSimulator.ActiveCfg = Ad-Hoc|iPhoneSimulator
		{11F34F84-CFC0-44CD-B356-63080CC9264F}.Ad-Hoc|iPhoneSimulator.Build.0 = Ad-Hoc|iPhoneSimulator
		{11F34F84-CFC0-44CD-B356-63080CC9264F}.Ad-Hoc|x64.ActiveCfg = Ad-Hoc|iPhone
		{11F34F84-CFC0-44CD-B356-63080CC9264F}.Ad-Hoc|x86.ActiveCfg = Ad-Hoc|iPhone
		{11F34F84-CFC0-44CD-B356-63080CC9264F}.AppStore|Any CPU.ActiveCfg = AppStore|iPhone
		{11F34F84-CFC0-44CD-B356-63080CC9264F}.AppStore|ARM.ActiveCfg = AppStore|iPhone
		{11F34F84-CFC0-44CD-B356-63080CC9264F}.AppStore|iPhone.ActiveCfg = AppStore|iPhone
		{11F34F84-CFC0-44CD-B356-63080CC9264F}.AppStore|iPhone.Build.0 = AppStore|iPhone
		{11F34F84-CFC0-44CD-B356-63080CC9264F}.AppStore|iPhoneSimulator.ActiveCfg = AppStore|iPhoneSimulator
		{11F34F84-CFC0-44CD-B356-63080CC9264F}.AppStore|iPhoneSimulator.Build.0 = AppStore|iPhoneSimulator
		{11F34F84-CFC0-44CD-B356-63080CC9264F}.AppStore|x64.ActiveCfg = AppStore|iPhone
		{11F34F84-CFC0-44CD-B356-63080CC9264F}.AppStore|x86.ActiveCfg = AppStore|iPhone
		{11F34F84-CFC0-44CD-B356-63080CC9264F}.Debug|Any CPU.ActiveCfg = Debug|iPhone
		{11F34F84-CFC0-44CD-B356-63080CC9264F}.Debug|ARM.ActiveCfg = Debug|iPhone
		{11F34F84-CFC0-44CD-B356-63080CC9264F}.Debug|iPhone.ActiveCfg = Debug|iPhone
		{11F34F84-CFC0-44CD-B356-63080CC9264F}.Debug|iPhone.Build.0 = Debug|iPhone
		{11F34F84-CFC0-44CD-B356-63080CC9264F}.Debug|iPhoneSimulator.ActiveCfg = Debug|iPhoneSimulator
		{11F34F84-CFC0-44CD-B356-63080CC9264F}.Debug|iPhoneSimulator.Build.0 = Debug|iPhoneSimulator
		{11F34F84-CFC0-44CD-B356-63080CC9264F}.Debug|x64.ActiveCfg = Debug|iPhone
		{11F34F84-CFC0-44CD-B356-63080CC9264F}.Debug|x86.ActiveCfg = Debug|iPhone
		{11F34F84-CFC0-44CD-B356-63080CC9264F}.Release|Any CPU.ActiveCfg = Release|iPhone
		{11F34F84-CFC0-44CD-B356-63080CC9264F}.Release|ARM.ActiveCfg = Release|iPhone
		{11F34F84-CFC0-44CD-B356-63080CC9264F}.Release|iPhone.ActiveCfg = Release|iPhone
		{11F34F84-CFC0-44CD-B356-63080CC9264F}.Release|iPhone.Build.0 = Release|iPhone
		{11F34F84-CFC0-44CD-B356-63080CC9264F}.Release|iPhoneSimulator.ActiveCfg = Release|iPhoneSimulator
		{11F34F84-CFC0-44CD-B356-63080CC9264F}.Release|iPhoneSimulator.Build.0 = Release|iPhoneSimulator
		{11F34F84-CFC0-44CD-B356-63080CC9264F}.Release|x64.ActiveCfg = Release|iPhone
		{11F34F84-CFC0-44CD-B356-63080CC9264F}.Release|x86.ActiveCfg = Release|iPhone
		{C149BB87-0AA1-4544-96EA-5C8C6AF71FBD}.Ad-Hoc|Any CPU.ActiveCfg = Release|Any CPU
		{C149BB87-0AA1-4544-96EA-5C8C6AF71FBD}.Ad-Hoc|Any CPU.Build.0 = Release|Any CPU
		{C149BB87-0AA1-4544-96EA-5C8C6AF71FBD}.Ad-Hoc|Any CPU.Deploy.0 = Release|Any CPU
		{C149BB87-0AA1-4544-96EA-5C8C6AF71FBD}.Ad-Hoc|ARM.ActiveCfg = Release|ARM
		{C149BB87-0AA1-4544-96EA-5C8C6AF71FBD}.Ad-Hoc|ARM.Build.0 = Release|ARM
		{C149BB87-0AA1-4544-96EA-5C8C6AF71FBD}.Ad-Hoc|ARM.Deploy.0 = Release|ARM
		{C149BB87-0AA1-4544-96EA-5C8C6AF71FBD}.Ad-Hoc|iPhone.ActiveCfg = Release|Any CPU
		{C149BB87-0AA1-4544-96EA-5C8C6AF71FBD}.Ad-Hoc|iPhone.Build.0 = Release|Any CPU
		{C149BB87-0AA1-4544-96EA-5C8C6AF71FBD}.Ad-Hoc|iPhone.Deploy.0 = Release|Any CPU
		{C149BB87-0AA1-4544-96EA-5C8C6AF71FBD}.Ad-Hoc|iPhoneSimulator.ActiveCfg = Release|Any CPU
		{C149BB87-0AA1-4544-96EA-5C8C6AF71FBD}.Ad-Hoc|iPhoneSimulator.Build.0 = Release|Any CPU
		{C149BB87-0AA1-4544-96EA-5C8C6AF71FBD}.Ad-Hoc|iPhoneSimulator.Deploy.0 = Release|Any CPU
		{C149BB87-0AA1-4544-96EA-5C8C6AF71FBD}.Ad-Hoc|x64.ActiveCfg = Release|Any CPU
		{C149BB87-0AA1-4544-96EA-5C8C6AF71FBD}.Ad-Hoc|x64.Build.0 = Release|Any CPU
		{C149BB87-0AA1-4544-96EA-5C8C6AF71FBD}.Ad-Hoc|x64.Deploy.0 = Release|Any CPU
		{C149BB87-0AA1-4544-96EA-5C8C6AF71FBD}.Ad-Hoc|x86.ActiveCfg = Release|x86
		{C149BB87-0AA1-4544-96EA-5C8C6AF71FBD}.Ad-Hoc|x86.Build.0 = Release|x86
		{C149BB87-0AA1-4544-96EA-5C8C6AF71FBD}.Ad-Hoc|x86.Deploy.0 = Release|x86
		{C149BB87-0AA1-4544-96EA-5C8C6AF71FBD}.AppStore|Any CPU.ActiveCfg = Release|Any CPU
		{C149BB87-0AA1-4544-96EA-5C8C6AF71FBD}.AppStore|Any CPU.Build.0 = Release|Any CPU
		{C149BB87-0AA1-4544-96EA-5C8C6AF71FBD}.AppStore|Any CPU.Deploy.0 = Release|Any CPU
		{C149BB87-0AA1-4544-96EA-5C8C6AF71FBD}.AppStore|ARM.ActiveCfg = Release|ARM
		{C149BB87-0AA1-4544-96EA-5C8C6AF71FBD}.AppStore|ARM.Build.0 = Release|ARM
		{C149BB87-0AA1-4544-96EA-5C8C6AF71FBD}.AppStore|ARM.Deploy.0 = Release|ARM
		{C149BB87-0AA1-4544-96EA-5C8C6AF71FBD}.AppStore|iPhone.ActiveCfg = Release|Any CPU
		{C149BB87-0AA1-4544-96EA-5C8C6AF71FBD}.AppStore|iPhone.Build.0 = Release|Any CPU
		{C149BB87-0AA1-4544-96EA-5C8C6AF71FBD}.AppStore|iPhone.Deploy.0 = Release|Any CPU
		{C149BB87-0AA1-4544-96EA-5C8C6AF71FBD}.AppStore|iPhoneSimulator.ActiveCfg = Release|Any CPU
		{C149BB87-0AA1-4544-96EA-5C8C6AF71FBD}.AppStore|iPhoneSimulator.Build.0 = Release|Any CPU
		{C149BB87-0AA1-4544-96EA-5C8C6AF71FBD}.AppStore|iPhoneSimulator.Deploy.0 = Release|Any CPU
		{C149BB87-0AA1-4544-96EA-5C8C6AF71FBD}.AppStore|x64.ActiveCfg = Release|Any CPU
		{C149BB87-0AA1-4544-96EA-5C8C6AF71FBD}.AppStore|x64.Build.0 = Release|Any CPU
		{C149BB87-0AA1-4544-96EA-5C8C6AF71FBD}.AppStore|x64.Deploy.0 = Release|Any CPU
		{C149BB87-0AA1-4544-96EA-5C8C6AF71FBD}.AppStore|x86.ActiveCfg = Release|x86
		{C149BB87-0AA1-4544-96EA-5C8C6AF71FBD}.AppStore|x86.Build.0 = Release|x86
		{C149BB87-0AA1-4544-96EA-5C8C6AF71FBD}.AppStore|x86.Deploy.0 = Release|x86
		{C149BB87-0AA1-4544-96EA-5C8C6AF71FBD}.Debug|Any CPU.ActiveCfg = Debug|Any CPU
		{C149BB87-0AA1-4544-96EA-5C8C6AF71FBD}.Debug|Any CPU.Build.0 = Debug|Any CPU
		{C149BB87-0AA1-4544-96EA-5C8C6AF71FBD}.Debug|Any CPU.Deploy.0 = Debug|Any CPU
		{C149BB87-0AA1-4544-96EA-5C8C6AF71FBD}.Debug|ARM.ActiveCfg = Debug|ARM
		{C149BB87-0AA1-4544-96EA-5C8C6AF71FBD}.Debug|ARM.Build.0 = Debug|ARM
		{C149BB87-0AA1-4544-96EA-5C8C6AF71FBD}.Debug|ARM.Deploy.0 = Debug|ARM
		{C149BB87-0AA1-4544-96EA-5C8C6AF71FBD}.Debug|iPhone.ActiveCfg = Debug|Any CPU
		{C149BB87-0AA1-4544-96EA-5C8C6AF71FBD}.Debug|iPhone.Build.0 = Debug|Any CPU
		{C149BB87-0AA1-4544-96EA-5C8C6AF71FBD}.Debug|iPhone.Deploy.0 = Debug|Any CPU
		{C149BB87-0AA1-4544-96EA-5C8C6AF71FBD}.Debug|iPhoneSimulator.ActiveCfg = Debug|Any CPU
		{C149BB87-0AA1-4544-96EA-5C8C6AF71FBD}.Debug|iPhoneSimulator.Build.0 = Debug|Any CPU
		{C149BB87-0AA1-4544-96EA-5C8C6AF71FBD}.Debug|iPhoneSimulator.Deploy.0 = Debug|Any CPU
		{C149BB87-0AA1-4544-96EA-5C8C6AF71FBD}.Debug|x64.ActiveCfg = Debug|Any CPU
		{C149BB87-0AA1-4544-96EA-5C8C6AF71FBD}.Debug|x64.Build.0 = Debug|Any CPU
		{C149BB87-0AA1-4544-96EA-5C8C6AF71FBD}.Debug|x64.Deploy.0 = Debug|Any CPU
		{C149BB87-0AA1-4544-96EA-5C8C6AF71FBD}.Debug|x86.ActiveCfg = Debug|x86
		{C149BB87-0AA1-4544-96EA-5C8C6AF71FBD}.Debug|x86.Build.0 = Debug|x86
		{C149BB87-0AA1-4544-96EA-5C8C6AF71FBD}.Debug|x86.Deploy.0 = Debug|x86
		{C149BB87-0AA1-4544-96EA-5C8C6AF71FBD}.Release|Any CPU.ActiveCfg = Release|Any CPU
		{C149BB87-0AA1-4544-96EA-5C8C6AF71FBD}.Release|Any CPU.Build.0 = Release|Any CPU
		{C149BB87-0AA1-4544-96EA-5C8C6AF71FBD}.Release|Any CPU.Deploy.0 = Release|Any CPU
		{C149BB87-0AA1-4544-96EA-5C8C6AF71FBD}.Release|ARM.ActiveCfg = Release|ARM
		{C149BB87-0AA1-4544-96EA-5C8C6AF71FBD}.Release|ARM.Build.0 = Release|ARM
		{C149BB87-0AA1-4544-96EA-5C8C6AF71FBD}.Release|ARM.Deploy.0 = Release|ARM
		{C149BB87-0AA1-4544-96EA-5C8C6AF71FBD}.Release|iPhone.ActiveCfg = Release|Any CPU
		{C149BB87-0AA1-4544-96EA-5C8C6AF71FBD}.Release|iPhone.Build.0 = Release|Any CPU
		{C149BB87-0AA1-4544-96EA-5C8C6AF71FBD}.Release|iPhone.Deploy.0 = Release|Any CPU
		{C149BB87-0AA1-4544-96EA-5C8C6AF71FBD}.Release|iPhoneSimulator.ActiveCfg = Release|Any CPU
		{C149BB87-0AA1-4544-96EA-5C8C6AF71FBD}.Release|iPhoneSimulator.Build.0 = Release|Any CPU
		{C149BB87-0AA1-4544-96EA-5C8C6AF71FBD}.Release|iPhoneSimulator.Deploy.0 = Release|Any CPU
		{C149BB87-0AA1-4544-96EA-5C8C6AF71FBD}.Release|x64.ActiveCfg = Release|Any CPU
		{C149BB87-0AA1-4544-96EA-5C8C6AF71FBD}.Release|x64.Build.0 = Release|Any CPU
		{C149BB87-0AA1-4544-96EA-5C8C6AF71FBD}.Release|x64.Deploy.0 = Release|Any CPU
		{C149BB87-0AA1-4544-96EA-5C8C6AF71FBD}.Release|x86.ActiveCfg = Release|x86
		{C149BB87-0AA1-4544-96EA-5C8C6AF71FBD}.Release|x86.Build.0 = Release|x86
		{C149BB87-0AA1-4544-96EA-5C8C6AF71FBD}.Release|x86.Deploy.0 = Release|x86
		{A9954573-C58A-47FC-BBCF-D72516BFEBCA}.Ad-Hoc|Any CPU.ActiveCfg = Release|x86
		{A9954573-C58A-47FC-BBCF-D72516BFEBCA}.Ad-Hoc|Any CPU.Build.0 = Release|x86
		{A9954573-C58A-47FC-BBCF-D72516BFEBCA}.Ad-Hoc|Any CPU.Deploy.0 = Release|x86
		{A9954573-C58A-47FC-BBCF-D72516BFEBCA}.Ad-Hoc|ARM.ActiveCfg = Release|ARM
		{A9954573-C58A-47FC-BBCF-D72516BFEBCA}.Ad-Hoc|ARM.Build.0 = Release|ARM
		{A9954573-C58A-47FC-BBCF-D72516BFEBCA}.Ad-Hoc|ARM.Deploy.0 = Release|ARM
		{A9954573-C58A-47FC-BBCF-D72516BFEBCA}.Ad-Hoc|iPhone.ActiveCfg = Release|x86
		{A9954573-C58A-47FC-BBCF-D72516BFEBCA}.Ad-Hoc|iPhone.Build.0 = Release|x86
		{A9954573-C58A-47FC-BBCF-D72516BFEBCA}.Ad-Hoc|iPhone.Deploy.0 = Release|x86
		{A9954573-C58A-47FC-BBCF-D72516BFEBCA}.Ad-Hoc|iPhoneSimulator.ActiveCfg = Release|x86
		{A9954573-C58A-47FC-BBCF-D72516BFEBCA}.Ad-Hoc|iPhoneSimulator.Build.0 = Release|x86
		{A9954573-C58A-47FC-BBCF-D72516BFEBCA}.Ad-Hoc|iPhoneSimulator.Deploy.0 = Release|x86
		{A9954573-C58A-47FC-BBCF-D72516BFEBCA}.Ad-Hoc|x64.ActiveCfg = Release|x64
		{A9954573-C58A-47FC-BBCF-D72516BFEBCA}.Ad-Hoc|x64.Build.0 = Release|x64
		{A9954573-C58A-47FC-BBCF-D72516BFEBCA}.Ad-Hoc|x64.Deploy.0 = Release|x64
		{A9954573-C58A-47FC-BBCF-D72516BFEBCA}.Ad-Hoc|x86.ActiveCfg = Release|x86
		{A9954573-C58A-47FC-BBCF-D72516BFEBCA}.Ad-Hoc|x86.Build.0 = Release|x86
		{A9954573-C58A-47FC-BBCF-D72516BFEBCA}.Ad-Hoc|x86.Deploy.0 = Release|x86
		{A9954573-C58A-47FC-BBCF-D72516BFEBCA}.AppStore|Any CPU.ActiveCfg = Release|x86
		{A9954573-C58A-47FC-BBCF-D72516BFEBCA}.AppStore|Any CPU.Build.0 = Release|x86
		{A9954573-C58A-47FC-BBCF-D72516BFEBCA}.AppStore|Any CPU.Deploy.0 = Release|x86
		{A9954573-C58A-47FC-BBCF-D72516BFEBCA}.AppStore|ARM.ActiveCfg = Release|ARM
		{A9954573-C58A-47FC-BBCF-D72516BFEBCA}.AppStore|ARM.Build.0 = Release|ARM
		{A9954573-C58A-47FC-BBCF-D72516BFEBCA}.AppStore|ARM.Deploy.0 = Release|ARM
		{A9954573-C58A-47FC-BBCF-D72516BFEBCA}.AppStore|iPhone.ActiveCfg = Release|x86
		{A9954573-C58A-47FC-BBCF-D72516BFEBCA}.AppStore|iPhone.Build.0 = Release|x86
		{A9954573-C58A-47FC-BBCF-D72516BFEBCA}.AppStore|iPhone.Deploy.0 = Release|x86
		{A9954573-C58A-47FC-BBCF-D72516BFEBCA}.AppStore|iPhoneSimulator.ActiveCfg = Release|x86
		{A9954573-C58A-47FC-BBCF-D72516BFEBCA}.AppStore|iPhoneSimulator.Build.0 = Release|x86
		{A9954573-C58A-47FC-BBCF-D72516BFEBCA}.AppStore|iPhoneSimulator.Deploy.0 = Release|x86
		{A9954573-C58A-47FC-BBCF-D72516BFEBCA}.AppStore|x64.ActiveCfg = Release|x64
		{A9954573-C58A-47FC-BBCF-D72516BFEBCA}.AppStore|x64.Build.0 = Release|x64
		{A9954573-C58A-47FC-BBCF-D72516BFEBCA}.AppStore|x64.Deploy.0 = Release|x64
		{A9954573-C58A-47FC-BBCF-D72516BFEBCA}.AppStore|x86.ActiveCfg = Release|x86
		{A9954573-C58A-47FC-BBCF-D72516BFEBCA}.AppStore|x86.Build.0 = Release|x86
		{A9954573-C58A-47FC-BBCF-D72516BFEBCA}.AppStore|x86.Deploy.0 = Release|x86
		{A9954573-C58A-47FC-BBCF-D72516BFEBCA}.Debug|Any CPU.ActiveCfg = Debug|x86
		{A9954573-C58A-47FC-BBCF-D72516BFEBCA}.Debug|ARM.ActiveCfg = Debug|ARM
		{A9954573-C58A-47FC-BBCF-D72516BFEBCA}.Debug|ARM.Build.0 = Debug|ARM
		{A9954573-C58A-47FC-BBCF-D72516BFEBCA}.Debug|ARM.Deploy.0 = Debug|ARM
		{A9954573-C58A-47FC-BBCF-D72516BFEBCA}.Debug|iPhone.ActiveCfg = Debug|x86
		{A9954573-C58A-47FC-BBCF-D72516BFEBCA}.Debug|iPhoneSimulator.ActiveCfg = Debug|x86
		{A9954573-C58A-47FC-BBCF-D72516BFEBCA}.Debug|x64.ActiveCfg = Debug|x64
		{A9954573-C58A-47FC-BBCF-D72516BFEBCA}.Debug|x64.Build.0 = Debug|x64
		{A9954573-C58A-47FC-BBCF-D72516BFEBCA}.Debug|x64.Deploy.0 = Debug|x64
		{A9954573-C58A-47FC-BBCF-D72516BFEBCA}.Debug|x86.ActiveCfg = Debug|x86
		{A9954573-C58A-47FC-BBCF-D72516BFEBCA}.Debug|x86.Build.0 = Debug|x86
		{A9954573-C58A-47FC-BBCF-D72516BFEBCA}.Debug|x86.Deploy.0 = Debug|x86
		{A9954573-C58A-47FC-BBCF-D72516BFEBCA}.Release|Any CPU.ActiveCfg = Release|x86
		{A9954573-C58A-47FC-BBCF-D72516BFEBCA}.Release|ARM.ActiveCfg = Release|ARM
		{A9954573-C58A-47FC-BBCF-D72516BFEBCA}.Release|ARM.Build.0 = Release|ARM
		{A9954573-C58A-47FC-BBCF-D72516BFEBCA}.Release|ARM.Deploy.0 = Release|ARM
		{A9954573-C58A-47FC-BBCF-D72516BFEBCA}.Release|iPhone.ActiveCfg = Release|x86
		{A9954573-C58A-47FC-BBCF-D72516BFEBCA}.Release|iPhoneSimulator.ActiveCfg = Release|x86
		{A9954573-C58A-47FC-BBCF-D72516BFEBCA}.Release|x64.ActiveCfg = Release|x64
		{A9954573-C58A-47FC-BBCF-D72516BFEBCA}.Release|x64.Build.0 = Release|x64
		{A9954573-C58A-47FC-BBCF-D72516BFEBCA}.Release|x64.Deploy.0 = Release|x64
		{A9954573-C58A-47FC-BBCF-D72516BFEBCA}.Release|x86.ActiveCfg = Release|x86
		{A9954573-C58A-47FC-BBCF-D72516BFEBCA}.Release|x86.Build.0 = Release|x86
		{A9954573-C58A-47FC-BBCF-D72516BFEBCA}.Release|x86.Deploy.0 = Release|x86
		{7A67D234-176D-4484-9B77-0D1271E0731E}.Ad-Hoc|Any CPU.ActiveCfg = Release|Any CPU
		{7A67D234-176D-4484-9B77-0D1271E0731E}.Ad-Hoc|Any CPU.Build.0 = Release|Any CPU
		{7A67D234-176D-4484-9B77-0D1271E0731E}.Ad-Hoc|Any CPU.Deploy.0 = Release|Any CPU
		{7A67D234-176D-4484-9B77-0D1271E0731E}.Ad-Hoc|ARM.ActiveCfg = Release|ARM
		{7A67D234-176D-4484-9B77-0D1271E0731E}.Ad-Hoc|ARM.Build.0 = Release|ARM
		{7A67D234-176D-4484-9B77-0D1271E0731E}.Ad-Hoc|ARM.Deploy.0 = Release|ARM
		{7A67D234-176D-4484-9B77-0D1271E0731E}.Ad-Hoc|iPhone.ActiveCfg = Release|Any CPU
		{7A67D234-176D-4484-9B77-0D1271E0731E}.Ad-Hoc|iPhone.Build.0 = Release|Any CPU
		{7A67D234-176D-4484-9B77-0D1271E0731E}.Ad-Hoc|iPhone.Deploy.0 = Release|Any CPU
		{7A67D234-176D-4484-9B77-0D1271E0731E}.Ad-Hoc|iPhoneSimulator.ActiveCfg = Release|Any CPU
		{7A67D234-176D-4484-9B77-0D1271E0731E}.Ad-Hoc|iPhoneSimulator.Build.0 = Release|Any CPU
		{7A67D234-176D-4484-9B77-0D1271E0731E}.Ad-Hoc|iPhoneSimulator.Deploy.0 = Release|Any CPU
		{7A67D234-176D-4484-9B77-0D1271E0731E}.Ad-Hoc|x64.ActiveCfg = Release|x64
		{7A67D234-176D-4484-9B77-0D1271E0731E}.Ad-Hoc|x64.Build.0 = Release|x64
		{7A67D234-176D-4484-9B77-0D1271E0731E}.Ad-Hoc|x64.Deploy.0 = Release|x64
		{7A67D234-176D-4484-9B77-0D1271E0731E}.Ad-Hoc|x86.ActiveCfg = Release|x86
		{7A67D234-176D-4484-9B77-0D1271E0731E}.Ad-Hoc|x86.Build.0 = Release|x86
		{7A67D234-176D-4484-9B77-0D1271E0731E}.Ad-Hoc|x86.Deploy.0 = Release|x86
		{7A67D234-176D-4484-9B77-0D1271E0731E}.AppStore|Any CPU.ActiveCfg = Release|Any CPU
		{7A67D234-176D-4484-9B77-0D1271E0731E}.AppStore|Any CPU.Build.0 = Release|Any CPU
		{7A67D234-176D-4484-9B77-0D1271E0731E}.AppStore|Any CPU.Deploy.0 = Release|Any CPU
		{7A67D234-176D-4484-9B77-0D1271E0731E}.AppStore|ARM.ActiveCfg = Release|ARM
		{7A67D234-176D-4484-9B77-0D1271E0731E}.AppStore|ARM.Build.0 = Release|ARM
		{7A67D234-176D-4484-9B77-0D1271E0731E}.AppStore|ARM.Deploy.0 = Release|ARM
		{7A67D234-176D-4484-9B77-0D1271E0731E}.AppStore|iPhone.ActiveCfg = Release|Any CPU
		{7A67D234-176D-4484-9B77-0D1271E0731E}.AppStore|iPhone.Build.0 = Release|Any CPU
		{7A67D234-176D-4484-9B77-0D1271E0731E}.AppStore|iPhone.Deploy.0 = Release|Any CPU
		{7A67D234-176D-4484-9B77-0D1271E0731E}.AppStore|iPhoneSimulator.ActiveCfg = Release|Any CPU
		{7A67D234-176D-4484-9B77-0D1271E0731E}.AppStore|iPhoneSimulator.Build.0 = Release|Any CPU
		{7A67D234-176D-4484-9B77-0D1271E0731E}.AppStore|iPhoneSimulator.Deploy.0 = Release|Any CPU
		{7A67D234-176D-4484-9B77-0D1271E0731E}.AppStore|x64.ActiveCfg = Release|x64
		{7A67D234-176D-4484-9B77-0D1271E0731E}.AppStore|x64.Build.0 = Release|x64
		{7A67D234-176D-4484-9B77-0D1271E0731E}.AppStore|x64.Deploy.0 = Release|x64
		{7A67D234-176D-4484-9B77-0D1271E0731E}.AppStore|x86.ActiveCfg = Release|x86
		{7A67D234-176D-4484-9B77-0D1271E0731E}.AppStore|x86.Build.0 = Release|x86
		{7A67D234-176D-4484-9B77-0D1271E0731E}.AppStore|x86.Deploy.0 = Release|x86
		{7A67D234-176D-4484-9B77-0D1271E0731E}.Debug|Any CPU.ActiveCfg = Debug|Any CPU
		{7A67D234-176D-4484-9B77-0D1271E0731E}.Debug|Any CPU.Build.0 = Debug|Any CPU
		{7A67D234-176D-4484-9B77-0D1271E0731E}.Debug|Any CPU.Deploy.0 = Debug|Any CPU
		{7A67D234-176D-4484-9B77-0D1271E0731E}.Debug|ARM.ActiveCfg = Debug|ARM
		{7A67D234-176D-4484-9B77-0D1271E0731E}.Debug|ARM.Build.0 = Debug|ARM
		{7A67D234-176D-4484-9B77-0D1271E0731E}.Debug|ARM.Deploy.0 = Debug|ARM
		{7A67D234-176D-4484-9B77-0D1271E0731E}.Debug|iPhone.ActiveCfg = Debug|Any CPU
		{7A67D234-176D-4484-9B77-0D1271E0731E}.Debug|iPhone.Build.0 = Debug|Any CPU
		{7A67D234-176D-4484-9B77-0D1271E0731E}.Debug|iPhone.Deploy.0 = Debug|Any CPU
		{7A67D234-176D-4484-9B77-0D1271E0731E}.Debug|iPhoneSimulator.ActiveCfg = Debug|Any CPU
		{7A67D234-176D-4484-9B77-0D1271E0731E}.Debug|iPhoneSimulator.Build.0 = Debug|Any CPU
		{7A67D234-176D-4484-9B77-0D1271E0731E}.Debug|iPhoneSimulator.Deploy.0 = Debug|Any CPU
		{7A67D234-176D-4484-9B77-0D1271E0731E}.Debug|x64.ActiveCfg = Debug|x64
		{7A67D234-176D-4484-9B77-0D1271E0731E}.Debug|x64.Build.0 = Debug|x64
		{7A67D234-176D-4484-9B77-0D1271E0731E}.Debug|x64.Deploy.0 = Debug|x64
		{7A67D234-176D-4484-9B77-0D1271E0731E}.Debug|x86.ActiveCfg = Debug|x86
		{7A67D234-176D-4484-9B77-0D1271E0731E}.Debug|x86.Build.0 = Debug|x86
		{7A67D234-176D-4484-9B77-0D1271E0731E}.Debug|x86.Deploy.0 = Debug|x86
		{7A67D234-176D-4484-9B77-0D1271E0731E}.Release|Any CPU.ActiveCfg = Release|Any CPU
		{7A67D234-176D-4484-9B77-0D1271E0731E}.Release|Any CPU.Build.0 = Release|Any CPU
		{7A67D234-176D-4484-9B77-0D1271E0731E}.Release|Any CPU.Deploy.0 = Release|Any CPU
		{7A67D234-176D-4484-9B77-0D1271E0731E}.Release|ARM.ActiveCfg = Release|ARM
		{7A67D234-176D-4484-9B77-0D1271E0731E}.Release|ARM.Build.0 = Release|ARM
		{7A67D234-176D-4484-9B77-0D1271E0731E}.Release|ARM.Deploy.0 = Release|ARM
		{7A67D234-176D-4484-9B77-0D1271E0731E}.Release|iPhone.ActiveCfg = Release|Any CPU
		{7A67D234-176D-4484-9B77-0D1271E0731E}.Release|iPhone.Build.0 = Release|Any CPU
		{7A67D234-176D-4484-9B77-0D1271E0731E}.Release|iPhone.Deploy.0 = Release|Any CPU
		{7A67D234-176D-4484-9B77-0D1271E0731E}.Release|iPhoneSimulator.ActiveCfg = Release|Any CPU
		{7A67D234-176D-4484-9B77-0D1271E0731E}.Release|iPhoneSimulator.Build.0 = Release|Any CPU
		{7A67D234-176D-4484-9B77-0D1271E0731E}.Release|iPhoneSimulator.Deploy.0 = Release|Any CPU
		{7A67D234-176D-4484-9B77-0D1271E0731E}.Release|x64.ActiveCfg = Release|x64
		{7A67D234-176D-4484-9B77-0D1271E0731E}.Release|x64.Build.0 = Release|x64
		{7A67D234-176D-4484-9B77-0D1271E0731E}.Release|x64.Deploy.0 = Release|x64
		{7A67D234-176D-4484-9B77-0D1271E0731E}.Release|x86.ActiveCfg = Release|x86
		{7A67D234-176D-4484-9B77-0D1271E0731E}.Release|x86.Build.0 = Release|x86
		{7A67D234-176D-4484-9B77-0D1271E0731E}.Release|x86.Deploy.0 = Release|x86
	EndGlobalSection
	GlobalSection(SolutionProperties) = preSolution
		HideSolutionNode = FALSE
	EndGlobalSection
EndGlobal
